
Microsoft Visual Studio Solution File, Format Version 12.00
# Visual Studio Version 17
VisualStudioVersion = 17.3.32901.215
MinimumVisualStudioVersion = 10.0.40219.1
Project("{9A19103F-16F7-4668-BE54-9A1E7A4F7556}") = "Belarus", "Belarus\Belarus.csproj", "{0C0FAB25-259E-44C5-8566-52C782A1CD61}"
EndProject
Project("{9A19103F-16F7-4668-BE54-9A1E7A4F7556}") = "Belarus.BusinessLogic", "Belarus.BusinessLogic\Belarus.BusinessLogic.csproj", "{1FCFE9D3-9C32-4192-812C-95444131271B}"
EndProject
Project("{9A19103F-16F7-4668-BE54-9A1E7A4F7556}") = "Belarus.Common", "Belarus.Common\Belarus.Common.csproj", "{60138D91-2824-4D2A-A6EF-9B5EEB8EE1C0}"
EndProject
Project("{9A19103F-16F7-4668-BE54-9A1E7A4F7556}") = "Belarus.Model", "Belarus.Model\Belarus.Model.csproj", "{745387EA-A65B-4C47-99E0-1B21B9EC9267}"
EndProject
Project("{9A19103F-16F7-4668-BE54-9A1E7A4F7556}") = "Belarus.Mapper", "Belarus.Mapper\Belarus.Mapper.csproj", "{8D045248-0DD4-4FB3-A0C4-C15B01735565}"
EndProject
Project("{9A19103F-16F7-4668-BE54-9A1E7A4F7556}") = "Belarus.Extensions", "Belarus.Extensions\Belarus.Extensions.csproj", "{5759D245-4FA2-4E90-95B0-0F6A84560DDB}"
EndProject
Project("{2150E333-8FDC-42A3-9474-1A3956D46DE8}") = "Solution Items", "Solution Items", "{88789373-5B38-4C71-A919-ED299D5378C3}"
	ProjectSection(SolutionItems) = preProject
		.editorconfig = .editorconfig
	EndProjectSection
EndProject
Global
	GlobalSection(SolutionConfigurationPlatforms) = preSolution
		Debug|Any CPU = Debug|Any CPU
		Release|Any CPU = Release|Any CPU
	EndGlobalSection
	GlobalSection(ProjectConfigurationPlatforms) = postSolution
		{0C0FAB25-259E-44C5-8566-52C782A1CD61}.Debug|Any CPU.ActiveCfg = Debug|Any CPU
		{0C0FAB25-259E-44C5-8566-52C782A1CD61}.Debug|Any CPU.Build.0 = Debug|Any CPU
		{0C0FAB25-259E-44C5-8566-52C782A1CD61}.Release|Any CPU.ActiveCfg = Release|Any CPU
		{0C0FAB25-259E-44C5-8566-52C782A1CD61}.Release|Any CPU.Build.0 = Release|Any CPU
		{1FCFE9D3-9C32-4192-812C-95444131271B}.Debug|Any CPU.ActiveCfg = Debug|Any CPU
		{1FCFE9D3-9C32-4192-812C-95444131271B}.Debug|Any CPU.Build.0 = Debug|Any CPU
		{1FCFE9D3-9C32-4192-812C-95444131271B}.Release|Any CPU.ActiveCfg = Release|Any CPU
		{1FCFE9D3-9C32-4192-812C-95444131271B}.Release|Any CPU.Build.0 = Release|Any CPU
		{60138D91-2824-4D2A-A6EF-9B5EEB8EE1C0}.Debug|Any CPU.ActiveCfg = Debug|Any CPU
		{60138D91-2824-4D2A-A6EF-9B5EEB8EE1C0}.Debug|Any CPU.Build.0 = Debug|Any CPU
		{60138D91-2824-4D2A-A6EF-9B5EEB8EE1C0}.Release|Any CPU.ActiveCfg = Release|Any CPU
		{60138D91-2824-4D2A-A6EF-9B5EEB8EE1C0}.Release|Any CPU.Build.0 = Release|Any CPU
		{745387EA-A65B-4C47-99E0-1B21B9EC9267}.Debug|Any CPU.ActiveCfg = Debug|Any CPU
		{745387EA-A65B-4C47-99E0-1B21B9EC9267}.Debug|Any CPU.Build.0 = Debug|Any CPU
		{745387EA-A65B-4C47-99E0-1B21B9EC9267}.Release|Any CPU.ActiveCfg = Release|Any CPU
		{745387EA-A65B-4C47-99E0-1B21B9EC9267}.Release|Any CPU.Build.0 = Release|Any CPU
		{8D045248-0DD4-4FB3-A0C4-C15B01735565}.Debug|Any CPU.ActiveCfg = Debug|Any CPU
		{8D045248-0DD4-4FB3-A0C4-C15B01735565}.Debug|Any CPU.Build.0 = Debug|Any CPU
		{8D045248-0DD4-4FB3-A0C4-C15B01735565}.Release|Any CPU.ActiveCfg = Release|Any CPU
		{8D045248-0DD4-4FB3-A0C4-C15B01735565}.Release|Any CPU.Build.0 = Release|Any CPU
		{5759D245-4FA2-4E90-95B0-0F6A84560DDB}.Debug|Any CPU.ActiveCfg = Debug|Any CPU
		{5759D245-4FA2-4E90-95B0-0F6A84560DDB}.Debug|Any CPU.Build.0 = Debug|Any CPU
		{5759D245-4FA2-4E90-95B0-0F6A84560DDB}.Release|Any CPU.ActiveCfg = Release|Any CPU
		{5759D245-4FA2-4E90-95B0-0F6A84560DDB}.Release|Any CPU.Build.0 = Release|Any CPU
	EndGlobalSection
	GlobalSection(SolutionProperties) = preSolution
		HideSolutionNode = FALSE
	EndGlobalSection
	GlobalSection(ExtensibilityGlobals) = postSolution
		SolutionGuid = {7EC2DC53-116F-4F1B-8AA0-F2E897CE7D4E}
	EndGlobalSection
EndGlobal
